
Microsoft Visual Studio Solution File, Format Version 12.00
# Visual Studio 14
VisualStudioVersion = 14.0.25420.1
MinimumVisualStudioVersion = 10.0.40219.1
Project("{FAE04EC0-301F-11D3-BF4B-00C04F79EFBC}") = "Brain", "Brain.csproj", "{C0DF6725-91A6-4B19-90A8-9594664D8B5A}"
EndProject
Project("{FAE04EC0-301F-11D3-BF4B-00C04F79EFBC}") = "Tests", "..\Tests\Tests.csproj", "{2BBFBC70-2D89-4CDE-9E68-9A045333696F}"
EndProject
Global
	GlobalSection(SolutionConfigurationPlatforms) = preSolution
		Debug|Any CPU = Debug|Any CPU
		Release|Any CPU = Release|Any CPU
	EndGlobalSection
	GlobalSection(ProjectConfigurationPlatforms) = postSolution
		{C0DF6725-91A6-4B19-90A8-9594664D8B5A}.Debug|Any CPU.ActiveCfg = Debug|Any CPU
		{C0DF6725-91A6-4B19-90A8-9594664D8B5A}.Debug|Any CPU.Build.0 = Debug|Any CPU
		{C0DF6725-91A6-4B19-90A8-9594664D8B5A}.Release|Any CPU.ActiveCfg = Release|Any CPU
		{C0DF6725-91A6-4B19-90A8-9594664D8B5A}.Release|Any CPU.Build.0 = Release|Any CPU
		{2BBFBC70-2D89-4CDE-9E68-9A045333696F}.Debug|Any CPU.ActiveCfg = Debug|Any CPU
		{2BBFBC70-2D89-4CDE-9E68-9A045333696F}.Debug|Any CPU.Build.0 = Debug|Any CPU
		{2BBFBC70-2D89-4CDE-9E68-9A045333696F}.Release|Any CPU.ActiveCfg = Release|Any CPU
		{2BBFBC70-2D89-4CDE-9E68-9A045333696F}.Release|Any CPU.Build.0 = Release|Any CPU
	EndGlobalSection
	GlobalSection(SolutionProperties) = preSolution
		HideSolutionNode = FALSE
	EndGlobalSection
EndGlobal
